
Microsoft Visual Studio Solution File, Format Version 10.00
# Visual Studio 2008
Project("{8BC9CEB8-8B4A-11D0-8D11-00A0C91BC942}") = "FullScreen", "FullScreen.vcproj", "{5F24F6BA-800D-4301-B95F-BA7D1FA3C75F}"
EndProject
Global
	GlobalSection(SolutionConfigurationPlatforms) = preSolution
		Debug|Win32 = Debug|Win32
		Release|Win32 = Release|Win32
	EndGlobalSection
	GlobalSection(ProjectConfigurationPlatforms) = postSolution
		{5F24F6BA-800D-4301-B95F-BA7D1FA3C75F}.Debug|Win32.ActiveCfg = Debug|Win32
		{5F24F6BA-800D-4301-B95F-BA7D1FA3C75F}.Debug|Win32.Build.0 = Debug|Win32
		{5F24F6BA-800D-4301-B95F-BA7D1FA3C75F}.Release|Win32.ActiveCfg = Release|Win32
		{5F24F6BA-800D-4301-B95F-BA7D1FA3C75F}.Release|Win32.Build.0 = Release|Win32
	EndGlobalSection
	GlobalSection(SolutionProperties) = preSolution
		HideSolutionNode = FALSE
	EndGlobalSection
EndGlobal
