
Microsoft Visual Studio Solution File, Format Version 10.00
# Visual Studio 2008
Project("{8BC9CEB8-8B4A-11D0-8D11-00A0C91BC942}") = "MotionBlur", "MotionBlur.vcproj", "{30055224-9EE3-421F-AEE8-34D8577ABE41}"
EndProject
Global
	GlobalSection(SolutionConfigurationPlatforms) = preSolution
		Debug|Win32 = Debug|Win32
		Release|Win32 = Release|Win32
	EndGlobalSection
	GlobalSection(ProjectConfigurationPlatforms) = postSolution
		{30055224-9EE3-421F-AEE8-34D8577ABE41}.Debug|Win32.ActiveCfg = Debug|Win32
		{30055224-9EE3-421F-AEE8-34D8577ABE41}.Debug|Win32.Build.0 = Debug|Win32
		{30055224-9EE3-421F-AEE8-34D8577ABE41}.Release|Win32.ActiveCfg = Release|Win32
		{30055224-9EE3-421F-AEE8-34D8577ABE41}.Release|Win32.Build.0 = Release|Win32
	EndGlobalSection
	GlobalSection(SolutionProperties) = preSolution
		HideSolutionNode = FALSE
	EndGlobalSection
EndGlobal
